
Microsoft Visual Studio Solution File, Format Version 12.00
# Visual Studio Version 17
VisualStudioVersion = 17.8.34309.116
MinimumVisualStudioVersion = 10.0.40219.1
Project("{FAE04EC0-301F-11D3-BF4B-00C04F79EFBC}") = "10 Performance Task 1", "10 Performance Task 1.csproj", "{750F5463-8E7A-4E83-8F1A-08921FDD7C87}"
EndProject
Global
	GlobalSection(SolutionConfigurationPlatforms) = preSolution
		Debug|Any CPU = Debug|Any CPU
		Release|Any CPU = Release|Any CPU
	EndGlobalSection
	GlobalSection(ProjectConfigurationPlatforms) = postSolution
		{750F5463-8E7A-4E83-8F1A-08921FDD7C87}.Debug|Any CPU.ActiveCfg = Debug|Any CPU
		{750F5463-8E7A-4E83-8F1A-08921FDD7C87}.Debug|Any CPU.Build.0 = Debug|Any CPU
		{750F5463-8E7A-4E83-8F1A-08921FDD7C87}.Release|Any CPU.ActiveCfg = Release|Any CPU
		{750F5463-8E7A-4E83-8F1A-08921FDD7C87}.Release|Any CPU.Build.0 = Release|Any CPU
	EndGlobalSection
	GlobalSection(SolutionProperties) = preSolution
		HideSolutionNode = FALSE
	EndGlobalSection
	GlobalSection(ExtensibilityGlobals) = postSolution
		SolutionGuid = {D8C8E1D4-A0D4-4720-9A1C-DC07E33D2FB7}
	EndGlobalSection
EndGlobal
