
Microsoft Visual Studio Solution File, Format Version 12.00
# Visual Studio Version 17
VisualStudioVersion = 17.9.34714.143
MinimumVisualStudioVersion = 10.0.40219.1
Project("{FAE04EC0-301F-11D3-BF4B-00C04F79EFBC}") = "MyMVC", "MyMVC\MyMVC.csproj", "{2121995C-30A1-4AF4-B384-51731CD8995E}"
EndProject
Global
	GlobalSection(SolutionConfigurationPlatforms) = preSolution
		Debug|Any CPU = Debug|Any CPU
		Release|Any CPU = Release|Any CPU
	EndGlobalSection
	GlobalSection(ProjectConfigurationPlatforms) = postSolution
		{2121995C-30A1-4AF4-B384-51731CD8995E}.Debug|Any CPU.ActiveCfg = Debug|Any CPU
		{2121995C-30A1-4AF4-B384-51731CD8995E}.Debug|Any CPU.Build.0 = Debug|Any CPU
		{2121995C-30A1-4AF4-B384-51731CD8995E}.Release|Any CPU.ActiveCfg = Release|Any CPU
		{2121995C-30A1-4AF4-B384-51731CD8995E}.Release|Any CPU.Build.0 = Release|Any CPU
	EndGlobalSection
	GlobalSection(SolutionProperties) = preSolution
		HideSolutionNode = FALSE
	EndGlobalSection
	GlobalSection(ExtensibilityGlobals) = postSolution
		SolutionGuid = {A4B8FA24-8084-47FE-9116-AE4F4901A996}
	EndGlobalSection
EndGlobal
