
Microsoft Visual Studio Solution File, Format Version 12.00
# Visual Studio Version 17
VisualStudioVersion = 17.8.34309.116
MinimumVisualStudioVersion = 10.0.40219.1
Project("{FAE04EC0-301F-11D3-BF4B-00C04F79EFBC}") = "FRANCISCO.WEBAPP1", "FRANCISCO.WEBAPP1.csproj", "{BFA7FA66-553B-43F9-B4D2-08234EE46BB2}"
EndProject
Global
	GlobalSection(SolutionConfigurationPlatforms) = preSolution
		Debug|Any CPU = Debug|Any CPU
		Release|Any CPU = Release|Any CPU
	EndGlobalSection
	GlobalSection(ProjectConfigurationPlatforms) = postSolution
		{BFA7FA66-553B-43F9-B4D2-08234EE46BB2}.Debug|Any CPU.ActiveCfg = Debug|Any CPU
		{BFA7FA66-553B-43F9-B4D2-08234EE46BB2}.Debug|Any CPU.Build.0 = Debug|Any CPU
		{BFA7FA66-553B-43F9-B4D2-08234EE46BB2}.Release|Any CPU.ActiveCfg = Release|Any CPU
		{BFA7FA66-553B-43F9-B4D2-08234EE46BB2}.Release|Any CPU.Build.0 = Release|Any CPU
	EndGlobalSection
	GlobalSection(SolutionProperties) = preSolution
		HideSolutionNode = FALSE
	EndGlobalSection
	GlobalSection(ExtensibilityGlobals) = postSolution
		SolutionGuid = {EC8A28CE-8BE9-4695-B9BD-D95D9EF621CC}
	EndGlobalSection
EndGlobal
