
Microsoft Visual Studio Solution File, Format Version 12.00
# Visual Studio Version 17
VisualStudioVersion = 17.10.35004.147
MinimumVisualStudioVersion = 10.0.40219.1
Project("{FAE04EC0-301F-11D3-BF4B-00C04F79EFBC}") = "CDG", "CDG\CDG.csproj", "{107DAD7F-2CFE-4909-9977-17C9F4EDD999}"
EndProject
Global
	GlobalSection(SolutionConfigurationPlatforms) = preSolution
		Debug|Any CPU = Debug|Any CPU
		Release|Any CPU = Release|Any CPU
	EndGlobalSection
	GlobalSection(ProjectConfigurationPlatforms) = postSolution
		{107DAD7F-2CFE-4909-9977-17C9F4EDD999}.Debug|Any CPU.ActiveCfg = Debug|Any CPU
		{107DAD7F-2CFE-4909-9977-17C9F4EDD999}.Debug|Any CPU.Build.0 = Debug|Any CPU
		{107DAD7F-2CFE-4909-9977-17C9F4EDD999}.Release|Any CPU.ActiveCfg = Release|Any CPU
		{107DAD7F-2CFE-4909-9977-17C9F4EDD999}.Release|Any CPU.Build.0 = Release|Any CPU
	EndGlobalSection
	GlobalSection(SolutionProperties) = preSolution
		HideSolutionNode = FALSE
	EndGlobalSection
	GlobalSection(ExtensibilityGlobals) = postSolution
		SolutionGuid = {405EA796-4AE6-42F7-AFEC-406168423709}
	EndGlobalSection
EndGlobal
