
Microsoft Visual Studio Solution File, Format Version 12.00
# Visual Studio Version 17
VisualStudioVersion = 17.10.35004.147
MinimumVisualStudioVersion = 10.0.40219.1
Project("{FAE04EC0-301F-11D3-BF4B-00C04F79EFBC}") = "PETA", "..\..\..\..\source\repos\WebApplication1\WebApplication1\PETA.csproj", "{56E1598E-9AB5-425D-BA9F-8AF759FAB057}"
EndProject
Global
	GlobalSection(SolutionConfigurationPlatforms) = preSolution
		Debug|Any CPU = Debug|Any CPU
		Release|Any CPU = Release|Any CPU
	EndGlobalSection
	GlobalSection(ProjectConfigurationPlatforms) = postSolution
		{56E1598E-9AB5-425D-BA9F-8AF759FAB057}.Debug|Any CPU.ActiveCfg = Debug|Any CPU
		{56E1598E-9AB5-425D-BA9F-8AF759FAB057}.Debug|Any CPU.Build.0 = Debug|Any CPU
		{56E1598E-9AB5-425D-BA9F-8AF759FAB057}.Release|Any CPU.ActiveCfg = Release|Any CPU
		{56E1598E-9AB5-425D-BA9F-8AF759FAB057}.Release|Any CPU.Build.0 = Release|Any CPU
	EndGlobalSection
	GlobalSection(SolutionProperties) = preSolution
		HideSolutionNode = FALSE
	EndGlobalSection
	GlobalSection(ExtensibilityGlobals) = postSolution
		SolutionGuid = {63597C90-7307-482B-B64B-5A89ABA0CB91}
	EndGlobalSection
EndGlobal
