
Microsoft Visual Studio Solution File, Format Version 12.00
# Visual Studio Version 17
VisualStudioVersion = 17.10.35004.147
MinimumVisualStudioVersion = 10.0.40219.1
Project("{FAE04EC0-301F-11D3-BF4B-00C04F79EFBC}") = "10PT-JRB", "10PT-JRB\10PT-JRB.csproj", "{40A4C216-C6A1-47AA-963E-BC1AE0D5E69B}"
EndProject
Global
	GlobalSection(SolutionConfigurationPlatforms) = preSolution
		Debug|Any CPU = Debug|Any CPU
		Release|Any CPU = Release|Any CPU
	EndGlobalSection
	GlobalSection(ProjectConfigurationPlatforms) = postSolution
		{40A4C216-C6A1-47AA-963E-BC1AE0D5E69B}.Debug|Any CPU.ActiveCfg = Debug|Any CPU
		{40A4C216-C6A1-47AA-963E-BC1AE0D5E69B}.Debug|Any CPU.Build.0 = Debug|Any CPU
		{40A4C216-C6A1-47AA-963E-BC1AE0D5E69B}.Release|Any CPU.ActiveCfg = Release|Any CPU
		{40A4C216-C6A1-47AA-963E-BC1AE0D5E69B}.Release|Any CPU.Build.0 = Release|Any CPU
	EndGlobalSection
	GlobalSection(SolutionProperties) = preSolution
		HideSolutionNode = FALSE
	EndGlobalSection
	GlobalSection(ExtensibilityGlobals) = postSolution
		SolutionGuid = {3A3C74C5-5B92-4A01-B856-33A0C8811F90}
	EndGlobalSection
EndGlobal
