
Microsoft Visual Studio Solution File, Format Version 12.00
# Visual Studio Version 17
VisualStudioVersion = 17.10.34916.146
MinimumVisualStudioVersion = 10.0.40219.1
Project("{FAE04EC0-301F-11D3-BF4B-00C04F79EFBC}") = "WebApplication3", "WebApplication3\WebApplication3.csproj", "{A9329F2A-96DD-444F-9CA6-6282DB0280CE}"
EndProject
Global
	GlobalSection(SolutionConfigurationPlatforms) = preSolution
		Debug|Any CPU = Debug|Any CPU
		Release|Any CPU = Release|Any CPU
	EndGlobalSection
	GlobalSection(ProjectConfigurationPlatforms) = postSolution
		{A9329F2A-96DD-444F-9CA6-6282DB0280CE}.Debug|Any CPU.ActiveCfg = Debug|Any CPU
		{A9329F2A-96DD-444F-9CA6-6282DB0280CE}.Debug|Any CPU.Build.0 = Debug|Any CPU
		{A9329F2A-96DD-444F-9CA6-6282DB0280CE}.Release|Any CPU.ActiveCfg = Release|Any CPU
		{A9329F2A-96DD-444F-9CA6-6282DB0280CE}.Release|Any CPU.Build.0 = Release|Any CPU
	EndGlobalSection
	GlobalSection(SolutionProperties) = preSolution
		HideSolutionNode = FALSE
	EndGlobalSection
	GlobalSection(ExtensibilityGlobals) = postSolution
		SolutionGuid = {DE9238F5-A15D-42C6-9326-DAB83EF28D44}
	EndGlobalSection
EndGlobal
