
Microsoft Visual Studio Solution File, Format Version 12.00
# Visual Studio Version 17
VisualStudioVersion = 17.10.35004.147
MinimumVisualStudioVersion = 10.0.40219.1
Project("{FAE04EC0-301F-11D3-BF4B-00C04F79EFBC}") = "09Activity_Adlawan", "09Activity_Adlawan\09Activity_Adlawan.csproj", "{90815D5F-98B3-4E55-82DB-7C90FA68E8BF}"
EndProject
Global
	GlobalSection(SolutionConfigurationPlatforms) = preSolution
		Debug|Any CPU = Debug|Any CPU
		Release|Any CPU = Release|Any CPU
	EndGlobalSection
	GlobalSection(ProjectConfigurationPlatforms) = postSolution
		{90815D5F-98B3-4E55-82DB-7C90FA68E8BF}.Debug|Any CPU.ActiveCfg = Debug|Any CPU
		{90815D5F-98B3-4E55-82DB-7C90FA68E8BF}.Debug|Any CPU.Build.0 = Debug|Any CPU
		{90815D5F-98B3-4E55-82DB-7C90FA68E8BF}.Release|Any CPU.ActiveCfg = Release|Any CPU
		{90815D5F-98B3-4E55-82DB-7C90FA68E8BF}.Release|Any CPU.Build.0 = Release|Any CPU
	EndGlobalSection
	GlobalSection(SolutionProperties) = preSolution
		HideSolutionNode = FALSE
	EndGlobalSection
	GlobalSection(ExtensibilityGlobals) = postSolution
		SolutionGuid = {21DA7526-CBB4-4AF6-A278-C34CA8828B35}
	EndGlobalSection
EndGlobal
