
Microsoft Visual Studio Solution File, Format Version 12.00
# Visual Studio Version 17
VisualStudioVersion = 17.10.35004.147
MinimumVisualStudioVersion = 10.0.40219.1
Project("{FAE04EC0-301F-11D3-BF4B-00C04F79EFBC}") = "WebApplication2", "WebApplication2\WebApplication2.csproj", "{0DC051DB-10CE-4EBC-9D13-88E0F31A8A6D}"
EndProject
Global
	GlobalSection(SolutionConfigurationPlatforms) = preSolution
		Debug|Any CPU = Debug|Any CPU
		Release|Any CPU = Release|Any CPU
	EndGlobalSection
	GlobalSection(ProjectConfigurationPlatforms) = postSolution
		{0DC051DB-10CE-4EBC-9D13-88E0F31A8A6D}.Debug|Any CPU.ActiveCfg = Debug|Any CPU
		{0DC051DB-10CE-4EBC-9D13-88E0F31A8A6D}.Debug|Any CPU.Build.0 = Debug|Any CPU
		{0DC051DB-10CE-4EBC-9D13-88E0F31A8A6D}.Release|Any CPU.ActiveCfg = Release|Any CPU
		{0DC051DB-10CE-4EBC-9D13-88E0F31A8A6D}.Release|Any CPU.Build.0 = Release|Any CPU
	EndGlobalSection
	GlobalSection(SolutionProperties) = preSolution
		HideSolutionNode = FALSE
	EndGlobalSection
	GlobalSection(ExtensibilityGlobals) = postSolution
		SolutionGuid = {06C9181B-42F9-493A-983A-0A8947943A40}
	EndGlobalSection
EndGlobal
