
Microsoft Visual Studio Solution File, Format Version 12.00
# Visual Studio Version 17
VisualStudioVersion = 17.7.34031.279
MinimumVisualStudioVersion = 10.0.40219.1
Project("{FAE04EC0-301F-11D3-BF4B-00C04F79EFBC}") = "WebApplication7", "WebApplication7.csproj", "{75252544-7F99-4770-8CB4-FD9C1349710D}"
EndProject
Global
	GlobalSection(SolutionConfigurationPlatforms) = preSolution
		Debug|Any CPU = Debug|Any CPU
		Release|Any CPU = Release|Any CPU
	EndGlobalSection
	GlobalSection(ProjectConfigurationPlatforms) = postSolution
		{75252544-7F99-4770-8CB4-FD9C1349710D}.Debug|Any CPU.ActiveCfg = Debug|Any CPU
		{75252544-7F99-4770-8CB4-FD9C1349710D}.Debug|Any CPU.Build.0 = Debug|Any CPU
		{75252544-7F99-4770-8CB4-FD9C1349710D}.Release|Any CPU.ActiveCfg = Release|Any CPU
		{75252544-7F99-4770-8CB4-FD9C1349710D}.Release|Any CPU.Build.0 = Release|Any CPU
	EndGlobalSection
	GlobalSection(SolutionProperties) = preSolution
		HideSolutionNode = FALSE
	EndGlobalSection
	GlobalSection(ExtensibilityGlobals) = postSolution
		SolutionGuid = {0FC33832-F797-422B-9326-787D192F0B9B}
	EndGlobalSection
EndGlobal
