
Microsoft Visual Studio Solution File, Format Version 12.00
# Visual Studio Version 17
VisualStudioVersion = 17.9.34728.123
MinimumVisualStudioVersion = 10.0.40219.1
Project("{FAE04EC0-301F-11D3-BF4B-00C04F79EFBC}") = "SampleWebsite", "SampleWebsite\SampleWebsite.csproj", "{EA807162-4891-45D9-AF8F-ABDADEEFAB39}"
EndProject
Global
	GlobalSection(SolutionConfigurationPlatforms) = preSolution
		Debug|Any CPU = Debug|Any CPU
		Release|Any CPU = Release|Any CPU
	EndGlobalSection
	GlobalSection(ProjectConfigurationPlatforms) = postSolution
		{EA807162-4891-45D9-AF8F-ABDADEEFAB39}.Debug|Any CPU.ActiveCfg = Debug|Any CPU
		{EA807162-4891-45D9-AF8F-ABDADEEFAB39}.Debug|Any CPU.Build.0 = Debug|Any CPU
		{EA807162-4891-45D9-AF8F-ABDADEEFAB39}.Release|Any CPU.ActiveCfg = Release|Any CPU
		{EA807162-4891-45D9-AF8F-ABDADEEFAB39}.Release|Any CPU.Build.0 = Release|Any CPU
	EndGlobalSection
	GlobalSection(SolutionProperties) = preSolution
		HideSolutionNode = FALSE
	EndGlobalSection
	GlobalSection(ExtensibilityGlobals) = postSolution
		SolutionGuid = {4FD44EDC-F635-4CB9-A06E-F827831D469A}
	EndGlobalSection
EndGlobal
