
Microsoft Visual Studio Solution File, Format Version 12.00
# Visual Studio Version 17
VisualStudioVersion = 17.10.35004.147
MinimumVisualStudioVersion = 10.0.40219.1
Project("{FAE04EC0-301F-11D3-BF4B-00C04F79EFBC}") = "10PerformanceTask-Adlawan", "10PerformanceTask-Adlawan\10PerformanceTask-Adlawan.csproj", "{9843A81E-5651-4194-BD3B-98745195797B}"
EndProject
Global
	GlobalSection(SolutionConfigurationPlatforms) = preSolution
		Debug|Any CPU = Debug|Any CPU
		Release|Any CPU = Release|Any CPU
	EndGlobalSection
	GlobalSection(ProjectConfigurationPlatforms) = postSolution
		{9843A81E-5651-4194-BD3B-98745195797B}.Debug|Any CPU.ActiveCfg = Debug|Any CPU
		{9843A81E-5651-4194-BD3B-98745195797B}.Debug|Any CPU.Build.0 = Debug|Any CPU
		{9843A81E-5651-4194-BD3B-98745195797B}.Release|Any CPU.ActiveCfg = Release|Any CPU
		{9843A81E-5651-4194-BD3B-98745195797B}.Release|Any CPU.Build.0 = Release|Any CPU
	EndGlobalSection
	GlobalSection(SolutionProperties) = preSolution
		HideSolutionNode = FALSE
	EndGlobalSection
	GlobalSection(ExtensibilityGlobals) = postSolution
		SolutionGuid = {4CBF0232-CFE4-4932-A415-26541A33814C}
	EndGlobalSection
EndGlobal
